{
  "name": "167 鼠标滚轮水平滚动",
  "lockfileVersion": 2,
  "requires": true,
  "packages": {
    "": {
      "dependencies": {
        "horwheel": "^1.0.1"
      }
    },
    "node_modules/horwheel": {
      "version": "1.0.1",
      "resolved": "https://registry.npmjs.org/horwheel/-/horwheel-1.0.1.tgz",
      "integrity": "sha512-a9i+w732L5mgzyALYVeXmHIOKCqkrT8jtb9po90lFv18Pld1jFwtaVIVTO5+WCoZSi1x2zkw69gPWbM+4seLDA=="
    }
  },
  "dependencies": {
    "horwheel": {
      "version": "1.0.1",
      "resolved": "https://registry.npmjs.org/horwheel/-/horwheel-1.0.1.tgz",
      "integrity": "sha512-a9i+w732L5mgzyALYVeXmHIOKCqkrT8jtb9po90lFv18Pld1jFwtaVIVTO5+WCoZSi1x2zkw69gPWbM+4seLDA=="
    }
  }
}
